
Microsoft Visual Studio Solution File, Format Version 11.00
# Visual Studio 2010
Project("{FAE04EC0-301F-11D3-BF4B-00C04F79EFBC}") = "Assembly-CSharp", "Assembly-CSharp.csproj", "{B9C8C208-731B-1BB0-CF0B-8463BE5C4E1E}"
EndProject
Project("{FAE04EC0-301F-11D3-BF4B-00C04F79EFBC}") = "Assembly-CSharp-Editor", "Assembly-CSharp-Editor.csproj", "{98B661E9-D3AA-D2E3-B682-96B5DCC400B0}"
EndProject
Global
	GlobalSection(SolutionConfigurationPlatforms) = preSolution
		Debug|Any CPU = Debug|Any CPU
		Release|Any CPU = Release|Any CPU
	EndGlobalSection
	GlobalSection(ProjectConfigurationPlatforms) = postSolution
		{B9C8C208-731B-1BB0-CF0B-8463BE5C4E1E}.Debug|Any CPU.ActiveCfg = Debug|Any CPU
		{B9C8C208-731B-1BB0-CF0B-8463BE5C4E1E}.Debug|Any CPU.Build.0 = Debug|Any CPU
		{B9C8C208-731B-1BB0-CF0B-8463BE5C4E1E}.Release|Any CPU.ActiveCfg = Release|Any CPU
		{B9C8C208-731B-1BB0-CF0B-8463BE5C4E1E}.Release|Any CPU.Build.0 = Release|Any CPU
		{98B661E9-D3AA-D2E3-B682-96B5DCC400B0}.Debug|Any CPU.ActiveCfg = Debug|Any CPU
		{98B661E9-D3AA-D2E3-B682-96B5DCC400B0}.Debug|Any CPU.Build.0 = Debug|Any CPU
		{98B661E9-D3AA-D2E3-B682-96B5DCC400B0}.Release|Any CPU.ActiveCfg = Release|Any CPU
		{98B661E9-D3AA-D2E3-B682-96B5DCC400B0}.Release|Any CPU.Build.0 = Release|Any CPU
	EndGlobalSection
	GlobalSection(SolutionProperties) = preSolution
		HideSolutionNode = FALSE
	EndGlobalSection
	GlobalSection(MonoDevelopProperties) = preSolution
		StartupItem = Assembly-CSharp.csproj
	EndGlobalSection
EndGlobal
